
Microsoft Visual Studio Solution File, Format Version 12.00
# Visual Studio Version 16
VisualStudioVersion = 16.0.29319.158
MinimumVisualStudioVersion = 10.0.40219.1
Project("{FAE04EC0-301F-11D3-BF4B-00C04F79EFBC}") = "chat.backend", "chat.backend\chat.backend.csproj", "{7143D1AA-BC3C-4A1F-B2EA-282AED3224EB}"
EndProject
Global
	GlobalSection(SolutionConfigurationPlatforms) = preSolution
		Debug|Any CPU = Debug|Any CPU
		Release|Any CPU = Release|Any CPU
	EndGlobalSection
	GlobalSection(ProjectConfigurationPlatforms) = postSolution
		{7143D1AA-BC3C-4A1F-B2EA-282AED3224EB}.Debug|Any CPU.ActiveCfg = Debug|Any CPU
		{7143D1AA-BC3C-4A1F-B2EA-282AED3224EB}.Debug|Any CPU.Build.0 = Debug|Any CPU
		{7143D1AA-BC3C-4A1F-B2EA-282AED3224EB}.Release|Any CPU.ActiveCfg = Release|Any CPU
		{7143D1AA-BC3C-4A1F-B2EA-282AED3224EB}.Release|Any CPU.Build.0 = Release|Any CPU
	EndGlobalSection
	GlobalSection(SolutionProperties) = preSolution
		HideSolutionNode = FALSE
	EndGlobalSection
	GlobalSection(ExtensibilityGlobals) = postSolution
		SolutionGuid = {6BE1C5EC-65AD-4FDD-A518-CCCC9ADCE052}
	EndGlobalSection
EndGlobal
